
Microsoft Visual Studio Solution File, Format Version 12.00
# Visual Studio Version 17
VisualStudioVersion = 17.5.33516.290
MinimumVisualStudioVersion = 10.0.40219.1
Project("{FAE04EC0-301F-11D3-BF4B-00C04F79EFBC}") = "MVC_Playground", "MVC_Playground\MVC_Playground.csproj", "{FE132CDA-1B58-484D-B192-79662DD49EF9}"
EndProject
Global
	GlobalSection(SolutionConfigurationPlatforms) = preSolution
		Debug|Any CPU = Debug|Any CPU
		Release|Any CPU = Release|Any CPU
	EndGlobalSection
	GlobalSection(ProjectConfigurationPlatforms) = postSolution
		{FE132CDA-1B58-484D-B192-79662DD49EF9}.Debug|Any CPU.ActiveCfg = Debug|Any CPU
		{FE132CDA-1B58-484D-B192-79662DD49EF9}.Debug|Any CPU.Build.0 = Debug|Any CPU
		{FE132CDA-1B58-484D-B192-79662DD49EF9}.Release|Any CPU.ActiveCfg = Release|Any CPU
		{FE132CDA-1B58-484D-B192-79662DD49EF9}.Release|Any CPU.Build.0 = Release|Any CPU
	EndGlobalSection
	GlobalSection(SolutionProperties) = preSolution
		HideSolutionNode = FALSE
	EndGlobalSection
	GlobalSection(ExtensibilityGlobals) = postSolution
		SolutionGuid = {998675C9-B183-45D4-BB51-5C16638E63B5}
	EndGlobalSection
EndGlobal
